
Microsoft Visual Studio Solution File, Format Version 12.00
# Visual Studio Version 17
VisualStudioVersion = 17.9.34902.65
MinimumVisualStudioVersion = 10.0.40219.1
Project("{FAE04EC0-301F-11D3-BF4B-00C04F79EFBC}") = "LanguageSwitcher", "LanguageSwitcher.csproj", "{E0EAA87F-7591-49BE-8E96-54EDDAF1C907}"
EndProject
Global
	GlobalSection(SolutionConfigurationPlatforms) = preSolution
		Debug|Any CPU = Debug|Any CPU
		Release|Any CPU = Release|Any CPU
	EndGlobalSection
	GlobalSection(ProjectConfigurationPlatforms) = postSolution
		{E0EAA87F-7591-49BE-8E96-54EDDAF1C907}.Debug|Any CPU.ActiveCfg = Debug|Any CPU
		{E0EAA87F-7591-49BE-8E96-54EDDAF1C907}.Debug|Any CPU.Build.0 = Debug|Any CPU
		{E0EAA87F-7591-49BE-8E96-54EDDAF1C907}.Release|Any CPU.ActiveCfg = Release|Any CPU
		{E0EAA87F-7591-49BE-8E96-54EDDAF1C907}.Release|Any CPU.Build.0 = Release|Any CPU
	EndGlobalSection
	GlobalSection(SolutionProperties) = preSolution
		HideSolutionNode = FALSE
	EndGlobalSection
	GlobalSection(ExtensibilityGlobals) = postSolution
		SolutionGuid = {22068FF4-31D7-4387-B078-6F7903FB45E7}
	EndGlobalSection
EndGlobal
